// !$*UTF8*$!
{
	archiveVersion = 1;
	classes = {
	};
	objectVersion = 48;
	objects = {

/* Begin PBXBuildFile section */
		343A4FC9204D70CE00E33E81 /* AppDelegate.swift in Sources */ = {isa = PBXBuildFile; fileRef = 343A4FC8204D70CE00E33E81 /* AppDelegate.swift */; };
		343A4FD0204D70CE00E33E81 /* Assets.xcassets in Resources */ = {isa = PBXBuildFile; fileRef = 343A4FCF204D70CE00E33E81 /* Assets.xcassets */; };
		343A4FD3204D70CE00E33E81 /* LaunchScreen.storyboard in Resources */ = {isa = PBXBuildFile; fileRef = 343A4FD1204D70CE00E33E81 /* LaunchScreen.storyboard */; };
		343A4FDB204D70EF00E33E81 /* Locale.swift in Sources */ = {isa = PBXBuildFile; fileRef = 343A4FDA204D70EF00E33E81 /* Locale.swift */; };
		343A4FDF204D711C00E33E81 /* Locale.strings in Resources */ = {isa = PBXBuildFile; fileRef = 343A4FE1204D711C00E33E81 /* Locale.strings */; };
		343EE02D205163E100F76965 /* Log.swift in Sources */ = {isa = PBXBuildFile; fileRef = 343EE02C205163E100F76965 /* Log.swift */; };
		343EE030205169EA00F76965 /* Sensazonal.xcdatamodeld in Sources */ = {isa = PBXBuildFile; fileRef = 343EE02E205169EA00F76965 /* Sensazonal.xcdatamodeld */; };
		343EE0482051744B00F76965 /* FoodModel+CoreDataClass.swift in Sources */ = {isa = PBXBuildFile; fileRef = 343EE0462051744B00F76965 /* FoodModel+CoreDataClass.swift */; };
		343EE0492051744B00F76965 /* FoodModel+CoreDataProperties.swift in Sources */ = {isa = PBXBuildFile; fileRef = 343EE0472051744B00F76965 /* FoodModel+CoreDataProperties.swift */; };
		343EE04E20517CAA00F76965 /* NSPersistentContainerExtensionTests.swift in Sources */ = {isa = PBXBuildFile; fileRef = 343EE04D20517CAA00F76965 /* NSPersistentContainerExtensionTests.swift */; };
		34EF9AAF2050B5BB00EB0337 /* LocaleTests.swift in Sources */ = {isa = PBXBuildFile; fileRef = 34EF9AAE2050B5BB00EB0337 /* LocaleTests.swift */; };
		34EF9ADE2051607C00EB0337 /* NSPersistentContainerExtension.swift in Sources */ = {isa = PBXBuildFile; fileRef = 34EF9ADD2051607C00EB0337 /* NSPersistentContainerExtension.swift */; };
/* End PBXBuildFile section */

/* Begin PBXContainerItemProxy section */
		34EF9AB12050B5BB00EB0337 /* PBXContainerItemProxy */ = {
			isa = PBXContainerItemProxy;
			containerPortal = 343A4FBD204D70CE00E33E81 /* Project object */;
			proxyType = 1;
			remoteGlobalIDString = 343A4FC4204D70CE00E33E81;
			remoteInfo = Sensazonal;
		};
/* End PBXContainerItemProxy section */

/* Begin PBXFileReference section */
		343A4FC5204D70CE00E33E81 /* Sensazonal.app */ = {isa = PBXFileReference; explicitFileType = wrapper.application; includeInIndex = 0; path = Sensazonal.app; sourceTree = BUILT_PRODUCTS_DIR; };
		343A4FC8204D70CE00E33E81 /* AppDelegate.swift */ = {isa = PBXFileReference; lastKnownFileType = sourcecode.swift; path = AppDelegate.swift; sourceTree = "<group>"; };
		343A4FCF204D70CE00E33E81 /* Assets.xcassets */ = {isa = PBXFileReference; lastKnownFileType = folder.assetcatalog; path = Assets.xcassets; sourceTree = "<group>"; };
		343A4FD2204D70CE00E33E81 /* Base */ = {isa = PBXFileReference; lastKnownFileType = file.storyboard; name = Base; path = Base.lproj/LaunchScreen.storyboard; sourceTree = "<group>"; };
		343A4FD4204D70CE00E33E81 /* Info.plist */ = {isa = PBXFileReference; lastKnownFileType = text.plist.xml; path = Info.plist; sourceTree = "<group>"; };
		343A4FDA204D70EF00E33E81 /* Locale.swift */ = {isa = PBXFileReference; fileEncoding = 4; lastKnownFileType = sourcecode.swift; path = Locale.swift; sourceTree = "<group>"; };
		343A4FDC204D710B00E33E81 /* pt-BR */ = {isa = PBXFileReference; lastKnownFileType = text.plist.strings; name = "pt-BR"; path = "pt-BR.lproj/LaunchScreen.strings"; sourceTree = "<group>"; };
		343A4FE2204D711F00E33E81 /* pt-BR */ = {isa = PBXFileReference; lastKnownFileType = text.plist.strings; name = "pt-BR"; path = "pt-BR.lproj/Locale.strings"; sourceTree = "<group>"; };
		343EE02C205163E100F76965 /* Log.swift */ = {isa = PBXFileReference; lastKnownFileType = sourcecode.swift; path = Log.swift; sourceTree = "<group>"; };
		343EE02F205169EA00F76965 /* Sensazonal.xcdatamodel */ = {isa = PBXFileReference; lastKnownFileType = wrapper.xcdatamodel; path = Sensazonal.xcdatamodel; sourceTree = "<group>"; };
		343EE0462051744B00F76965 /* FoodModel+CoreDataClass.swift */ = {isa = PBXFileReference; lastKnownFileType = sourcecode.swift; path = "FoodModel+CoreDataClass.swift"; sourceTree = "<group>"; };
		343EE0472051744B00F76965 /* FoodModel+CoreDataProperties.swift */ = {isa = PBXFileReference; lastKnownFileType = sourcecode.swift; path = "FoodModel+CoreDataProperties.swift"; sourceTree = "<group>"; };
		343EE04D20517CAA00F76965 /* NSPersistentContainerExtensionTests.swift */ = {isa = PBXFileReference; lastKnownFileType = sourcecode.swift; path = NSPersistentContainerExtensionTests.swift; sourceTree = "<group>"; };
		3481B84B204DB5DA00E10C76 /* Base */ = {isa = PBXFileReference; lastKnownFileType = text.plist.strings; name = Base; path = Base.lproj/Locale.strings; sourceTree = "<group>"; };
		34EF9AAC2050B5BB00EB0337 /* SensazonalUnitTests.xctest */ = {isa = PBXFileReference; explicitFileType = wrapper.cfbundle; includeInIndex = 0; path = SensazonalUnitTests.xctest; sourceTree = BUILT_PRODUCTS_DIR; };
		34EF9AAE2050B5BB00EB0337 /* LocaleTests.swift */ = {isa = PBXFileReference; lastKnownFileType = sourcecode.swift; path = LocaleTests.swift; sourceTree = "<group>"; };
		34EF9AB02050B5BB00EB0337 /* Info.plist */ = {isa = PBXFileReference; lastKnownFileType = text.plist.xml; path = Info.plist; sourceTree = "<group>"; };
		34EF9ADD2051607C00EB0337 /* NSPersistentContainerExtension.swift */ = {isa = PBXFileReference; lastKnownFileType = sourcecode.swift; path = NSPersistentContainerExtension.swift; sourceTree = "<group>"; };
/* End PBXFileReference section */

/* Begin PBXFrameworksBuildPhase section */
		343A4FC2204D70CE00E33E81 /* Frameworks */ = {
			isa = PBXFrameworksBuildPhase;
			buildActionMask = 2147483647;
			files = (
			);
			runOnlyForDeploymentPostprocessing = 0;
		};
		34EF9AA92050B5BB00EB0337 /* Frameworks */ = {
			isa = PBXFrameworksBuildPhase;
			buildActionMask = 2147483647;
			files = (
			);
			runOnlyForDeploymentPostprocessing = 0;
		};
/* End PBXFrameworksBuildPhase section */

/* Begin PBXGroup section */
		343A4FBC204D70CE00E33E81 = {
			isa = PBXGroup;
			children = (
				343A4FC7204D70CE00E33E81 /* Sensazonal */,
				34EF9AAD2050B5BB00EB0337 /* SensazonalUnitTests */,
				343A4FC6204D70CE00E33E81 /* Products */,
			);
			sourceTree = "<group>";
		};
		343A4FC6204D70CE00E33E81 /* Products */ = {
			isa = PBXGroup;
			children = (
				343A4FC5204D70CE00E33E81 /* Sensazonal.app */,
				34EF9AAC2050B5BB00EB0337 /* SensazonalUnitTests.xctest */,
			);
			name = Products;
			sourceTree = "<group>";
		};
		343A4FC7204D70CE00E33E81 /* Sensazonal */ = {
			isa = PBXGroup;
			children = (
				343EE0312051711C00F76965 /* CoreData */,
				34EF9AB82050B6D100EB0337 /* Essentials */,
				34EF9AB62050B6B500EB0337 /* Locale */,
			);
			path = Sensazonal;
			sourceTree = "<group>";
		};
		343EE0312051711C00F76965 /* CoreData */ = {
			isa = PBXGroup;
			children = (
				343EE04B205176C600F76965 /* Models */,
				34EF9ADD2051607C00EB0337 /* NSPersistentContainerExtension.swift */,
				343EE02E205169EA00F76965 /* Sensazonal.xcdatamodeld */,
			);
			path = CoreData;
			sourceTree = "<group>";
		};
		343EE04B205176C600F76965 /* Models */ = {
			isa = PBXGroup;
			children = (
				343EE0462051744B00F76965 /* FoodModel+CoreDataClass.swift */,
				343EE0472051744B00F76965 /* FoodModel+CoreDataProperties.swift */,
			);
			path = Models;
			sourceTree = "<group>";
		};
		343EE04C20517CA000F76965 /* CoreData */ = {
			isa = PBXGroup;
			children = (
				343EE04D20517CAA00F76965 /* NSPersistentContainerExtensionTests.swift */,
			);
			path = CoreData;
			sourceTree = "<group>";
		};
		34EF9AAD2050B5BB00EB0337 /* SensazonalUnitTests */ = {
			isa = PBXGroup;
			children = (
				343EE04C20517CA000F76965 /* CoreData */,
				34EF9ABA2050B72B00EB0337 /* Essentials */,
				34EF9AB92050B71D00EB0337 /* Locale */,
			);
			path = SensazonalUnitTests;
			sourceTree = "<group>";
		};
		34EF9AB62050B6B500EB0337 /* Locale */ = {
			isa = PBXGroup;
			children = (
				343A4FDA204D70EF00E33E81 /* Locale.swift */,
				343A4FE1204D711C00E33E81 /* Locale.strings */,
			);
			path = Locale;
			sourceTree = "<group>";
		};
		34EF9AB82050B6D100EB0337 /* Essentials */ = {
			isa = PBXGroup;
			children = (
				343A4FD4204D70CE00E33E81 /* Info.plist */,
				343A4FC8204D70CE00E33E81 /* AppDelegate.swift */,
				343EE02C205163E100F76965 /* Log.swift */,
				343A4FCF204D70CE00E33E81 /* Assets.xcassets */,
				343A4FD1204D70CE00E33E81 /* LaunchScreen.storyboard */,
			);
			path = Essentials;
			sourceTree = "<group>";
		};
		34EF9AB92050B71D00EB0337 /* Locale */ = {
			isa = PBXGroup;
			children = (
				34EF9AAE2050B5BB00EB0337 /* LocaleTests.swift */,
			);
			path = Locale;
			sourceTree = "<group>";
		};
		34EF9ABA2050B72B00EB0337 /* Essentials */ = {
			isa = PBXGroup;
			children = (
				34EF9AB02050B5BB00EB0337 /* Info.plist */,
			);
			path = Essentials;
			sourceTree = "<group>";
		};
/* End PBXGroup section */

/* Begin PBXNativeTarget section */
		343A4FC4204D70CE00E33E81 /* Sensazonal */ = {
			isa = PBXNativeTarget;
			buildConfigurationList = 343A4FD7204D70CE00E33E81 /* Build configuration list for PBXNativeTarget "Sensazonal" */;
			buildPhases = (
				343A4FC1204D70CE00E33E81 /* Sources */,
				343A4FC2204D70CE00E33E81 /* Frameworks */,
				343A4FC3204D70CE00E33E81 /* Resources */,
				34EF9ABB2050B79200EB0337 /* SwiftLint */,
			);
			buildRules = (
			);
			dependencies = (
			);
			name = Sensazonal;
			productName = Sensazonal;
			productReference = 343A4FC5204D70CE00E33E81 /* Sensazonal.app */;
			productType = "com.apple.product-type.application";
		};
		34EF9AAB2050B5BB00EB0337 /* SensazonalUnitTests */ = {
			isa = PBXNativeTarget;
			buildConfigurationList = 34EF9AB52050B5BB00EB0337 /* Build configuration list for PBXNativeTarget "SensazonalUnitTests" */;
			buildPhases = (
				34EF9AA82050B5BB00EB0337 /* Sources */,
				34EF9AA92050B5BB00EB0337 /* Frameworks */,
				34EF9AAA2050B5BB00EB0337 /* Resources */,
			);
			buildRules = (
			);
			dependencies = (
				34EF9AB22050B5BB00EB0337 /* PBXTargetDependency */,
			);
			name = SensazonalUnitTests;
			productName = SensazonalUnitTests;
			productReference = 34EF9AAC2050B5BB00EB0337 /* SensazonalUnitTests.xctest */;
			productType = "com.apple.product-type.bundle.unit-test";
		};
/* End PBXNativeTarget section */

/* Begin PBXProject section */
		343A4FBD204D70CE00E33E81 /* Project object */ = {
			isa = PBXProject;
			attributes = {
				LastSwiftUpdateCheck = 0920;
				LastUpgradeCheck = 0920;
				ORGANIZATIONNAME = "Ronan Rodrigo Nunes";
				TargetAttributes = {
					343A4FC4204D70CE00E33E81 = {
						CreatedOnToolsVersion = 9.2;
						ProvisioningStyle = Automatic;
					};
					34EF9AAB2050B5BB00EB0337 = {
						CreatedOnToolsVersion = 9.2;
						ProvisioningStyle = Automatic;
						TestTargetID = 343A4FC4204D70CE00E33E81;
					};
				};
			};
			buildConfigurationList = 343A4FC0204D70CE00E33E81 /* Build configuration list for PBXProject "Sensazonal" */;
			compatibilityVersion = "Xcode 8.0";
			developmentRegion = en;
			hasScannedForEncodings = 0;
			knownRegions = (
				en,
				Base,
				"pt-BR",
			);
			mainGroup = 343A4FBC204D70CE00E33E81;
			productRefGroup = 343A4FC6204D70CE00E33E81 /* Products */;
			projectDirPath = "";
			projectRoot = "";
			targets = (
				343A4FC4204D70CE00E33E81 /* Sensazonal */,
				34EF9AAB2050B5BB00EB0337 /* SensazonalUnitTests */,
			);
		};
/* End PBXProject section */

/* Begin PBXResourcesBuildPhase section */
		343A4FC3204D70CE00E33E81 /* Resources */ = {
			isa = PBXResourcesBuildPhase;
			buildActionMask = 2147483647;
			files = (
				343A4FD3204D70CE00E33E81 /* LaunchScreen.storyboard in Resources */,
				343A4FD0204D70CE00E33E81 /* Assets.xcassets in Resources */,
				343A4FDF204D711C00E33E81 /* Locale.strings in Resources */,
			);
			runOnlyForDeploymentPostprocessing = 0;
		};
		34EF9AAA2050B5BB00EB0337 /* Resources */ = {
			isa = PBXResourcesBuildPhase;
			buildActionMask = 2147483647;
			files = (
			);
			runOnlyForDeploymentPostprocessing = 0;
		};
/* End PBXResourcesBuildPhase section */

/* Begin PBXShellScriptBuildPhase section */
		34EF9ABB2050B79200EB0337 /* SwiftLint */ = {
			isa = PBXShellScriptBuildPhase;
			buildActionMask = 2147483647;
			files = (
			);
			inputPaths = (
			);
			name = SwiftLint;
			outputPaths = (
			);
			runOnlyForDeploymentPostprocessing = 0;
			shellPath = /bin/sh;
			shellScript = "if which swiftlint >/dev/null; then\n    swiftlint\nelse\n    echo \"warning: SwiftLint not installed, download from https://github.com/realm/SwiftLint\"\nfi";
		};
/* End PBXShellScriptBuildPhase section */

/* Begin PBXSourcesBuildPhase section */
		343A4FC1204D70CE00E33E81 /* Sources */ = {
			isa = PBXSourcesBuildPhase;
			buildActionMask = 2147483647;
			files = (
				343A4FC9204D70CE00E33E81 /* AppDelegate.swift in Sources */,
				343A4FDB204D70EF00E33E81 /* Locale.swift in Sources */,
				343EE0492051744B00F76965 /* FoodModel+CoreDataProperties.swift in Sources */,
				343EE02D205163E100F76965 /* Log.swift in Sources */,
				34EF9ADE2051607C00EB0337 /* NSPersistentContainerExtension.swift in Sources */,
				343EE030205169EA00F76965 /* Sensazonal.xcdatamodeld in Sources */,
				343EE0482051744B00F76965 /* FoodModel+CoreDataClass.swift in Sources */,
			);
			runOnlyForDeploymentPostprocessing = 0;
		};
		34EF9AA82050B5BB00EB0337 /* Sources */ = {
			isa = PBXSourcesBuildPhase;
			buildActionMask = 2147483647;
			files = (
				34EF9AAF2050B5BB00EB0337 /* LocaleTests.swift in Sources */,
				343EE04E20517CAA00F76965 /* NSPersistentContainerExtensionTests.swift in Sources */,
			);
			runOnlyForDeploymentPostprocessing = 0;
		};
/* End PBXSourcesBuildPhase section */

/* Begin PBXTargetDependency section */
		34EF9AB22050B5BB00EB0337 /* PBXTargetDependency */ = {
			isa = PBXTargetDependency;
			target = 343A4FC4204D70CE00E33E81 /* Sensazonal */;
			targetProxy = 34EF9AB12050B5BB00EB0337 /* PBXContainerItemProxy */;
		};
/* End PBXTargetDependency section */

/* Begin PBXVariantGroup section */
		343A4FD1204D70CE00E33E81 /* LaunchScreen.storyboard */ = {
			isa = PBXVariantGroup;
			children = (
				343A4FD2204D70CE00E33E81 /* Base */,
				343A4FDC204D710B00E33E81 /* pt-BR */,
			);
			name = LaunchScreen.storyboard;
			sourceTree = "<group>";
		};
		343A4FE1204D711C00E33E81 /* Locale.strings */ = {
			isa = PBXVariantGroup;
			children = (
				343A4FE2204D711F00E33E81 /* pt-BR */,
				3481B84B204DB5DA00E10C76 /* Base */,
			);
			name = Locale.strings;
			sourceTree = "<group>";
		};
/* End PBXVariantGroup section */

/* Begin XCBuildConfiguration section */
		343A4FD5204D70CE00E33E81 /* Debug */ = {
			isa = XCBuildConfiguration;
			buildSettings = {
				ALWAYS_SEARCH_USER_PATHS = NO;
				CLANG_ANALYZER_LOCALIZABILITY_NONLOCALIZED = YES;
				CLANG_ANALYZER_NONNULL = YES;
				CLANG_ANALYZER_NUMBER_OBJECT_CONVERSION = YES_AGGRESSIVE;
				CLANG_CXX_LANGUAGE_STANDARD = "gnu++14";
				CLANG_CXX_LIBRARY = "libc++";
				CLANG_ENABLE_MODULES = YES;
				CLANG_ENABLE_OBJC_ARC = YES;
				CLANG_WARN_BLOCK_CAPTURE_AUTORELEASING = YES;
				CLANG_WARN_BOOL_CONVERSION = YES;
				CLANG_WARN_COMMA = YES;
				CLANG_WARN_CONSTANT_CONVERSION = YES;
				CLANG_WARN_DIRECT_OBJC_ISA_USAGE = YES_ERROR;
				CLANG_WARN_DOCUMENTATION_COMMENTS = YES;
				CLANG_WARN_EMPTY_BODY = YES;
				CLANG_WARN_ENUM_CONVERSION = YES;
				CLANG_WARN_INFINITE_RECURSION = YES;
				CLANG_WARN_INT_CONVERSION = YES;
				CLANG_WARN_NON_LITERAL_NULL_CONVERSION = YES;
				CLANG_WARN_OBJC_LITERAL_CONVERSION = YES;
				CLANG_WARN_OBJC_ROOT_CLASS = YES_ERROR;
				CLANG_WARN_RANGE_LOOP_ANALYSIS = YES;
				CLANG_WARN_STRICT_PROTOTYPES = YES;
				CLANG_WARN_SUSPICIOUS_MOVE = YES;
				CLANG_WARN_UNGUARDED_AVAILABILITY = YES_AGGRESSIVE;
				CLANG_WARN_UNREACHABLE_CODE = YES;
				CLANG_WARN__DUPLICATE_METHOD_MATCH = YES;
				CODE_SIGN_IDENTITY = "iPhone Developer";
				COPY_PHASE_STRIP = NO;
				DEBUG_INFORMATION_FORMAT = dwarf;
				ENABLE_STRICT_OBJC_MSGSEND = YES;
				ENABLE_TESTABILITY = YES;
				GCC_C_LANGUAGE_STANDARD = gnu11;
				GCC_DYNAMIC_NO_PIC = NO;
				GCC_NO_COMMON_BLOCKS = YES;
				GCC_OPTIMIZATION_LEVEL = 0;
				GCC_PREPROCESSOR_DEFINITIONS = (
					"DEBUG=1",
					"$(inherited)",
				);
				GCC_WARN_64_TO_32_BIT_CONVERSION = YES;
				GCC_WARN_ABOUT_RETURN_TYPE = YES_ERROR;
				GCC_WARN_UNDECLARED_SELECTOR = YES;
				GCC_WARN_UNINITIALIZED_AUTOS = YES_AGGRESSIVE;
				GCC_WARN_UNUSED_FUNCTION = YES;
				GCC_WARN_UNUSED_VARIABLE = YES;
				IPHONEOS_DEPLOYMENT_TARGET = 10.0;
				MTL_ENABLE_DEBUG_INFO = YES;
				ONLY_ACTIVE_ARCH = YES;
				SDKROOT = iphoneos;
				SWIFT_ACTIVE_COMPILATION_CONDITIONS = DEBUG;
				SWIFT_OPTIMIZATION_LEVEL = "-Onone";
			};
			name = Debug;
		};
		343A4FD6204D70CE00E33E81 /* Release */ = {
			isa = XCBuildConfiguration;
			buildSettings = {
				ALWAYS_SEARCH_USER_PATHS = NO;
				CLANG_ANALYZER_LOCALIZABILITY_NONLOCALIZED = YES;
				CLANG_ANALYZER_NONNULL = YES;
				CLANG_ANALYZER_NUMBER_OBJECT_CONVERSION = YES_AGGRESSIVE;
				CLANG_CXX_LANGUAGE_STANDARD = "gnu++14";
				CLANG_CXX_LIBRARY = "libc++";
				CLANG_ENABLE_MODULES = YES;
				CLANG_ENABLE_OBJC_ARC = YES;
				CLANG_WARN_BLOCK_CAPTURE_AUTORELEASING = YES;
				CLANG_WARN_BOOL_CONVERSION = YES;
				CLANG_WARN_COMMA = YES;
				CLANG_WARN_CONSTANT_CONVERSION = YES;
				CLANG_WARN_DIRECT_OBJC_ISA_USAGE = YES_ERROR;
				CLANG_WARN_DOCUMENTATION_COMMENTS = YES;
				CLANG_WARN_EMPTY_BODY = YES;
				CLANG_WARN_ENUM_CONVERSION = YES;
				CLANG_WARN_INFINITE_RECURSION = YES;
				CLANG_WARN_INT_CONVERSION = YES;
				CLANG_WARN_NON_LITERAL_NULL_CONVERSION = YES;
				CLANG_WARN_OBJC_LITERAL_CONVERSION = YES;
				CLANG_WARN_OBJC_ROOT_CLASS = YES_ERROR;
				CLANG_WARN_RANGE_LOOP_ANALYSIS = YES;
				CLANG_WARN_STRICT_PROTOTYPES = YES;
				CLANG_WARN_SUSPICIOUS_MOVE = YES;
				CLANG_WARN_UNGUARDED_AVAILABILITY = YES_AGGRESSIVE;
				CLANG_WARN_UNREACHABLE_CODE = YES;
				CLANG_WARN__DUPLICATE_METHOD_MATCH = YES;
				CODE_SIGN_IDENTITY = "iPhone Developer";
				COPY_PHASE_STRIP = NO;
				DEBUG_INFORMATION_FORMAT = "dwarf-with-dsym";
				ENABLE_NS_ASSERTIONS = NO;
				ENABLE_STRICT_OBJC_MSGSEND = YES;
				GCC_C_LANGUAGE_STANDARD = gnu11;
				GCC_NO_COMMON_BLOCKS = YES;
				GCC_WARN_64_TO_32_BIT_CONVERSION = YES;
				GCC_WARN_ABOUT_RETURN_TYPE = YES_ERROR;
				GCC_WARN_UNDECLARED_SELECTOR = YES;
				GCC_WARN_UNINITIALIZED_AUTOS = YES_AGGRESSIVE;
				GCC_WARN_UNUSED_FUNCTION = YES;
				GCC_WARN_UNUSED_VARIABLE = YES;
				IPHONEOS_DEPLOYMENT_TARGET = 10.0;
				MTL_ENABLE_DEBUG_INFO = NO;
				SDKROOT = iphoneos;
				SWIFT_OPTIMIZATION_LEVEL = "-Owholemodule";
				VALIDATE_PRODUCT = YES;
			};
			name = Release;
		};
		343A4FD8204D70CE00E33E81 /* Debug */ = {
			isa = XCBuildConfiguration;
			buildSettings = {
				ASSETCATALOG_COMPILER_APPICON_NAME = AppIcon;
				CODE_SIGN_STYLE = Automatic;
				INFOPLIST_FILE = "$(SRCROOT)/Sensazonal/Essentials/Info.plist";
				LD_RUNPATH_SEARCH_PATHS = "$(inherited) @executable_path/Frameworks";
				PRODUCT_BUNDLE_IDENTIFIER = com.ronanrodrigo.Sensazonal;
				PRODUCT_NAME = "$(TARGET_NAME)";
				SWIFT_VERSION = 4.0;
				TARGETED_DEVICE_FAMILY = "1,2";
			};
			name = Debug;
		};
		343A4FD9204D70CE00E33E81 /* Release */ = {
			isa = XCBuildConfiguration;
			buildSettings = {
				ASSETCATALOG_COMPILER_APPICON_NAME = AppIcon;
				CODE_SIGN_STYLE = Automatic;
				INFOPLIST_FILE = "$(SRCROOT)/Sensazonal/Essentials/Info.plist";
				LD_RUNPATH_SEARCH_PATHS = "$(inherited) @executable_path/Frameworks";
				PRODUCT_BUNDLE_IDENTIFIER = com.ronanrodrigo.Sensazonal;
				PRODUCT_NAME = "$(TARGET_NAME)";
				SWIFT_VERSION = 4.0;
				TARGETED_DEVICE_FAMILY = "1,2";
			};
			name = Release;
		};
		34EF9AB32050B5BB00EB0337 /* Debug */ = {
			isa = XCBuildConfiguration;
			buildSettings = {
				BUNDLE_LOADER = "$(TEST_HOST)";
				CODE_SIGN_STYLE = Automatic;
				INFOPLIST_FILE = SensazonalUnitTests/Essentials/Info.plist;
				IPHONEOS_DEPLOYMENT_TARGET = 11.2;
				LD_RUNPATH_SEARCH_PATHS = "$(inherited) @executable_path/Frameworks @loader_path/Frameworks";
				PRODUCT_BUNDLE_IDENTIFIER = com.ronanrodrigo.SensazonalUnitTests;
				PRODUCT_NAME = "$(TARGET_NAME)";
				SWIFT_VERSION = 4.0;
				TARGETED_DEVICE_FAMILY = "1,2";
				TEST_HOST = "$(BUILT_PRODUCTS_DIR)/Sensazonal.app/Sensazonal";
			};
			name = Debug;
		};
		34EF9AB42050B5BB00EB0337 /* Release */ = {
			isa = XCBuildConfiguration;
			buildSettings = {
				BUNDLE_LOADER = "$(TEST_HOST)";
				CODE_SIGN_STYLE = Automatic;
				INFOPLIST_FILE = SensazonalUnitTests/Essentials/Info.plist;
				IPHONEOS_DEPLOYMENT_TARGET = 11.2;
				LD_RUNPATH_SEARCH_PATHS = "$(inherited) @executable_path/Frameworks @loader_path/Frameworks";
				PRODUCT_BUNDLE_IDENTIFIER = com.ronanrodrigo.SensazonalUnitTests;
				PRODUCT_NAME = "$(TARGET_NAME)";
				SWIFT_VERSION = 4.0;
				TARGETED_DEVICE_FAMILY = "1,2";
				TEST_HOST = "$(BUILT_PRODUCTS_DIR)/Sensazonal.app/Sensazonal";
			};
			name = Release;
		};
/* End XCBuildConfiguration section */

/* Begin XCConfigurationList section */
		343A4FC0204D70CE00E33E81 /* Build configuration list for PBXProject "Sensazonal" */ = {
			isa = XCConfigurationList;
			buildConfigurations = (
				343A4FD5204D70CE00E33E81 /* Debug */,
				343A4FD6204D70CE00E33E81 /* Release */,
			);
			defaultConfigurationIsVisible = 0;
			defaultConfigurationName = Release;
		};
		343A4FD7204D70CE00E33E81 /* Build configuration list for PBXNativeTarget "Sensazonal" */ = {
			isa = XCConfigurationList;
			buildConfigurations = (
				343A4FD8204D70CE00E33E81 /* Debug */,
				343A4FD9204D70CE00E33E81 /* Release */,
			);
			defaultConfigurationIsVisible = 0;
			defaultConfigurationName = Release;
		};
		34EF9AB52050B5BB00EB0337 /* Build configuration list for PBXNativeTarget "SensazonalUnitTests" */ = {
			isa = XCConfigurationList;
			buildConfigurations = (
				34EF9AB32050B5BB00EB0337 /* Debug */,
				34EF9AB42050B5BB00EB0337 /* Release */,
			);
			defaultConfigurationIsVisible = 0;
			defaultConfigurationName = Release;
		};
/* End XCConfigurationList section */

/* Begin XCVersionGroup section */
		343EE02E205169EA00F76965 /* Sensazonal.xcdatamodeld */ = {
			isa = XCVersionGroup;
			children = (
				343EE02F205169EA00F76965 /* Sensazonal.xcdatamodel */,
			);
			currentVersion = 343EE02F205169EA00F76965 /* Sensazonal.xcdatamodel */;
			path = Sensazonal.xcdatamodeld;
			sourceTree = "<group>";
			versionGroupType = wrapper.xcdatamodel;
		};
/* End XCVersionGroup section */
	};
	rootObject = 343A4FBD204D70CE00E33E81 /* Project object */;
}
