// !$*UTF8*$!
{
	archiveVersion = 1;
	classes = {
	};
	objectVersion = 50;
	objects = {

/* Begin PBXBuildFile section */
		340D86532051D5270090F1FA /* ListFoodStubPresenter.swift in Sources */ = {isa = PBXBuildFile; fileRef = 340D86522051D5270090F1FA /* ListFoodStubPresenter.swift */; };
		340D86552051D78E0090F1FA /* ListFoodStubGateway.swift in Sources */ = {isa = PBXBuildFile; fileRef = 340D86542051D78E0090F1FA /* ListFoodStubGateway.swift */; };
		34272CDB2051CD3C00EABE98 /* DataSource.swift in Sources */ = {isa = PBXBuildFile; fileRef = 34272CDA2051CD3C00EABE98 /* DataSource.swift */; };
		34272CDE2051CD6E00EABE98 /* Food.swift in Sources */ = {isa = PBXBuildFile; fileRef = 34272CDD2051CD6E00EABE98 /* Food.swift */; };
		34272CE22051CDD800EABE98 /* ListFoodByMonthInteractor.swift in Sources */ = {isa = PBXBuildFile; fileRef = 34272CE12051CDD800EABE98 /* ListFoodByMonthInteractor.swift */; };
		34272CE72051CE0B00EABE98 /* ListFoodByMonthInteractorTests.swift in Sources */ = {isa = PBXBuildFile; fileRef = 34272CE62051CE0B00EABE98 /* ListFoodByMonthInteractorTests.swift */; };
		34272CE92051CE9200EABE98 /* ListFoodPresenter.swift in Sources */ = {isa = PBXBuildFile; fileRef = 34272CE82051CE9200EABE98 /* ListFoodPresenter.swift */; };
		34272CEB2051CF8200EABE98 /* ListFoodGateway.swift in Sources */ = {isa = PBXBuildFile; fileRef = 34272CEA2051CF8200EABE98 /* ListFoodGateway.swift */; };
		34272CED2051D04100EABE98 /* ListFoodMemoryGateway.swift in Sources */ = {isa = PBXBuildFile; fileRef = 34272CEC2051D04100EABE98 /* ListFoodMemoryGateway.swift */; };
		34272CEF2051D07D00EABE98 /* Result.swift in Sources */ = {isa = PBXBuildFile; fileRef = 34272CEE2051D07D00EABE98 /* Result.swift */; };
		34272CF12051D36300EABE98 /* SensazonalError.swift in Sources */ = {isa = PBXBuildFile; fileRef = 34272CF02051D36300EABE98 /* SensazonalError.swift */; };
		34275086206E551A001F871E /* Logger.swift in Sources */ = {isa = PBXBuildFile; fileRef = 34275085206E551A001F871E /* Logger.swift */; };
		3427508B206E61F4001F871E /* StubLogger.swift in Sources */ = {isa = PBXBuildFile; fileRef = 3427508A206E61F4001F871E /* StubLogger.swift */; };
		343352052062CD5D004549A0 /* Metric.swift in Sources */ = {isa = PBXBuildFile; fileRef = 343352042062CD5D004549A0 /* Metric.swift */; };
		343A4FC9204D70CE00E33E81 /* AppDelegate.swift in Sources */ = {isa = PBXBuildFile; fileRef = 343A4FC8204D70CE00E33E81 /* AppDelegate.swift */; };
		343A4FD0204D70CE00E33E81 /* Assets.xcassets in Resources */ = {isa = PBXBuildFile; fileRef = 343A4FCF204D70CE00E33E81 /* Assets.xcassets */; };
		343A4FD3204D70CE00E33E81 /* LaunchScreen.storyboard in Resources */ = {isa = PBXBuildFile; fileRef = 343A4FD1204D70CE00E33E81 /* LaunchScreen.storyboard */; };
		343A4FDB204D70EF00E33E81 /* Locale.swift in Sources */ = {isa = PBXBuildFile; fileRef = 343A4FDA204D70EF00E33E81 /* Locale.swift */; };
		343A4FDF204D711C00E33E81 /* Locale.strings in Resources */ = {isa = PBXBuildFile; fileRef = 343A4FE1204D711C00E33E81 /* Locale.strings */; };
		3451C45A2077F3A100CF6886 /* GregorianMonth.swift in Sources */ = {isa = PBXBuildFile; fileRef = 3451C4592077F3A100CF6886 /* GregorianMonth.swift */; };
		3460D050207B814200BBEDA3 /* GregorianMonthTests.swift in Sources */ = {isa = PBXBuildFile; fileRef = 3460D04D207B810400BBEDA3 /* GregorianMonthTests.swift */; };
		3460D052207B85D200BBEDA3 /* MonthPickerTests.swift in Sources */ = {isa = PBXBuildFile; fileRef = 3460D051207B85D200BBEDA3 /* MonthPickerTests.swift */; };
		346391D82076D146007CDBCE /* MonthSelectorBarButton.swift in Sources */ = {isa = PBXBuildFile; fileRef = 346391D72076D146007CDBCE /* MonthSelectorBarButton.swift */; };
		346391DA2076D759007CDBCE /* MonthPicker.swift in Sources */ = {isa = PBXBuildFile; fileRef = 346391D92076D759007CDBCE /* MonthPicker.swift */; };
		34AE621D20540BF400690E51 /* FBSnapshotTestCase.framework in Frameworks */ = {isa = PBXBuildFile; fileRef = 34AE621A205409CF00690E51 /* FBSnapshotTestCase.framework */; };
		34AE621F20541FAE00690E51 /* FoodViewCell.swift in Sources */ = {isa = PBXBuildFile; fileRef = 34AE621E20541FAE00690E51 /* FoodViewCell.swift */; };
		34AE6221205471CF00690E51 /* FoodViewCellTests.swift in Sources */ = {isa = PBXBuildFile; fileRef = 34AE6220205471CF00690E51 /* FoodViewCellTests.swift */; };
		34B5DC46205553C0008BDBDB /* FoodViewModel.swift in Sources */ = {isa = PBXBuildFile; fileRef = 34B5DC45205553C0008BDBDB /* FoodViewModel.swift */; };
		34BC47AE20698A4A003506DB /* NavigationViewController.swift in Sources */ = {isa = PBXBuildFile; fileRef = 34BC47AD20698A4A003506DB /* NavigationViewController.swift */; };
		34CA5016205ED6FD0095994A /* FoodListCollectionViewController.swift in Sources */ = {isa = PBXBuildFile; fileRef = 34CA5015205ED6FD0095994A /* FoodListCollectionViewController.swift */; };
		34CA5019205ED8EE0095994A /* FoodListController.swift in Sources */ = {isa = PBXBuildFile; fileRef = 34CA5018205ED8EE0095994A /* FoodListController.swift */; };
		34CA501B205ED94F0095994A /* FoodListViewModel.swift in Sources */ = {isa = PBXBuildFile; fileRef = 34CA501A205ED94F0095994A /* FoodListViewModel.swift */; };
		34CA501E205EDA7C0095994A /* ListFoodByMonthInteractorFactory.swift in Sources */ = {isa = PBXBuildFile; fileRef = 34CA501D205EDA7C0095994A /* ListFoodByMonthInteractorFactory.swift */; };
		34CA5020205EDB690095994A /* ListFoodMemoryGatewayFactory.swift in Sources */ = {isa = PBXBuildFile; fileRef = 34CA501F205EDB690095994A /* ListFoodMemoryGatewayFactory.swift */; };
		34CA5022205EDBA40095994A /* ListFoodViewPresenter.swift in Sources */ = {isa = PBXBuildFile; fileRef = 34CA5021205EDBA40095994A /* ListFoodViewPresenter.swift */; };
		34CA5024205EDBDE0095994A /* ListFoodViewPresenterFactory.swift in Sources */ = {isa = PBXBuildFile; fileRef = 34CA5023205EDBDE0095994A /* ListFoodViewPresenterFactory.swift */; };
		34CA5026205F1F6C0095994A /* FoodListControllerFactory.swift in Sources */ = {isa = PBXBuildFile; fileRef = 34CA5025205F1F6C0095994A /* FoodListControllerFactory.swift */; };
		34CA5028205F1FBA0095994A /* FoodListViewControllerFactory.swift in Sources */ = {isa = PBXBuildFile; fileRef = 34CA5027205F1FBA0095994A /* FoodListViewControllerFactory.swift */; };
		34CA502A205F20550095994A /* FoodListBinder.swift in Sources */ = {isa = PBXBuildFile; fileRef = 34CA5029205F20550095994A /* FoodListBinder.swift */; };
		34EF9AAF2050B5BB00EB0337 /* LocaleTests.swift in Sources */ = {isa = PBXBuildFile; fileRef = 34EF9AAE2050B5BB00EB0337 /* LocaleTests.swift */; };
		34F1991C206E64B800DEF735 /* Gradient.swift in Sources */ = {isa = PBXBuildFile; fileRef = 34F1991B206E64B800DEF735 /* Gradient.swift */; };
		34F19921206E66E500DEF735 /* FoodListControllerTests.swift in Sources */ = {isa = PBXBuildFile; fileRef = 34F19920206E66E500DEF735 /* FoodListControllerTests.swift */; };
		34F19923206E69D300DEF735 /* StubListFoodByMonthInteractor.swift in Sources */ = {isa = PBXBuildFile; fileRef = 34F19922206E69D300DEF735 /* StubListFoodByMonthInteractor.swift */; };
		34F19926206E6C3100DEF735 /* ListFoodMemoryGatewayTests.swift in Sources */ = {isa = PBXBuildFile; fileRef = 34F19925206E6C3100DEF735 /* ListFoodMemoryGatewayTests.swift */; };
		34F19929206E6D1C00DEF735 /* ListFoodViewPresenterTests.swift in Sources */ = {isa = PBXBuildFile; fileRef = 34F19928206E6D1C00DEF735 /* ListFoodViewPresenterTests.swift */; };
		34F1992B206E6E1900DEF735 /* StubBinder.swift in Sources */ = {isa = PBXBuildFile; fileRef = 34F1992A206E6E1900DEF735 /* StubBinder.swift */; };
		34F1992E206E6EE400DEF735 /* FoodListCollectionViewControllerTests.swift in Sources */ = {isa = PBXBuildFile; fileRef = 34F1992D206E6EE400DEF735 /* FoodListCollectionViewControllerTests.swift */; };
		34F19931206E724D00DEF735 /* FoodListCollectionViewController.swift in Sources */ = {isa = PBXBuildFile; fileRef = 34F19930206E724D00DEF735 /* FoodListCollectionViewController.swift */; };
		34F19934206E738300DEF735 /* FoodViewModelTests.swift in Sources */ = {isa = PBXBuildFile; fileRef = 34F19933206E738300DEF735 /* FoodViewModelTests.swift */; };
		34F19936206E762C00DEF735 /* FoodListViewModelTests.swift in Sources */ = {isa = PBXBuildFile; fileRef = 34F19935206E762C00DEF735 /* FoodListViewModelTests.swift */; };
		34F19939206E772F00DEF735 /* GradientTests.swift in Sources */ = {isa = PBXBuildFile; fileRef = 34F19938206E772F00DEF735 /* GradientTests.swift */; };
		34F1993C206E793700DEF735 /* NavigationViewControllerTests.swift in Sources */ = {isa = PBXBuildFile; fileRef = 34F1993B206E793700DEF735 /* NavigationViewControllerTests.swift */; };
		34F1993F206E7D4500DEF735 /* FoodListCollectionViewTests.swift in Sources */ = {isa = PBXBuildFile; fileRef = 34F1993E206E7D4500DEF735 /* FoodListCollectionViewTests.swift */; };
		34FC8F1B20616A8B00A07C66 /* FoodListCollectionView.swift in Sources */ = {isa = PBXBuildFile; fileRef = 34FC8F1A20616A8B00A07C66 /* FoodListCollectionView.swift */; };
/* End PBXBuildFile section */

/* Begin PBXContainerItemProxy section */
		34EF9AB12050B5BB00EB0337 /* PBXContainerItemProxy */ = {
			isa = PBXContainerItemProxy;
			containerPortal = 343A4FBD204D70CE00E33E81 /* Project object */;
			proxyType = 1;
			remoteGlobalIDString = 343A4FC4204D70CE00E33E81;
			remoteInfo = Sensazonal;
		};
/* End PBXContainerItemProxy section */

/* Begin PBXFileReference section */
		340D86522051D5270090F1FA /* ListFoodStubPresenter.swift */ = {isa = PBXFileReference; lastKnownFileType = sourcecode.swift; path = ListFoodStubPresenter.swift; sourceTree = "<group>"; };
		340D86542051D78E0090F1FA /* ListFoodStubGateway.swift */ = {isa = PBXFileReference; lastKnownFileType = sourcecode.swift; path = ListFoodStubGateway.swift; sourceTree = "<group>"; };
		34272CDA2051CD3C00EABE98 /* DataSource.swift */ = {isa = PBXFileReference; fileEncoding = 4; lastKnownFileType = sourcecode.swift; path = DataSource.swift; sourceTree = "<group>"; };
		34272CDD2051CD6E00EABE98 /* Food.swift */ = {isa = PBXFileReference; fileEncoding = 4; lastKnownFileType = sourcecode.swift; path = Food.swift; sourceTree = "<group>"; };
		34272CE12051CDD800EABE98 /* ListFoodByMonthInteractor.swift */ = {isa = PBXFileReference; lastKnownFileType = sourcecode.swift; path = ListFoodByMonthInteractor.swift; sourceTree = "<group>"; };
		34272CE62051CE0B00EABE98 /* ListFoodByMonthInteractorTests.swift */ = {isa = PBXFileReference; lastKnownFileType = sourcecode.swift; path = ListFoodByMonthInteractorTests.swift; sourceTree = "<group>"; };
		34272CE82051CE9200EABE98 /* ListFoodPresenter.swift */ = {isa = PBXFileReference; lastKnownFileType = sourcecode.swift; path = ListFoodPresenter.swift; sourceTree = "<group>"; };
		34272CEA2051CF8200EABE98 /* ListFoodGateway.swift */ = {isa = PBXFileReference; lastKnownFileType = sourcecode.swift; path = ListFoodGateway.swift; sourceTree = "<group>"; };
		34272CEC2051D04100EABE98 /* ListFoodMemoryGateway.swift */ = {isa = PBXFileReference; lastKnownFileType = sourcecode.swift; path = ListFoodMemoryGateway.swift; sourceTree = "<group>"; };
		34272CEE2051D07D00EABE98 /* Result.swift */ = {isa = PBXFileReference; lastKnownFileType = sourcecode.swift; path = Result.swift; sourceTree = "<group>"; };
		34272CF02051D36300EABE98 /* SensazonalError.swift */ = {isa = PBXFileReference; lastKnownFileType = sourcecode.swift; path = SensazonalError.swift; sourceTree = "<group>"; };
		34275085206E551A001F871E /* Logger.swift */ = {isa = PBXFileReference; lastKnownFileType = sourcecode.swift; path = Logger.swift; sourceTree = "<group>"; };
		3427508A206E61F4001F871E /* StubLogger.swift */ = {isa = PBXFileReference; lastKnownFileType = sourcecode.swift; path = StubLogger.swift; sourceTree = "<group>"; };
		343352042062CD5D004549A0 /* Metric.swift */ = {isa = PBXFileReference; lastKnownFileType = sourcecode.swift; path = Metric.swift; sourceTree = "<group>"; };
		343A4FC5204D70CE00E33E81 /* Sensazonal.app */ = {isa = PBXFileReference; explicitFileType = wrapper.application; includeInIndex = 0; path = Sensazonal.app; sourceTree = BUILT_PRODUCTS_DIR; };
		343A4FC8204D70CE00E33E81 /* AppDelegate.swift */ = {isa = PBXFileReference; lastKnownFileType = sourcecode.swift; path = AppDelegate.swift; sourceTree = "<group>"; };
		343A4FCF204D70CE00E33E81 /* Assets.xcassets */ = {isa = PBXFileReference; lastKnownFileType = folder.assetcatalog; path = Assets.xcassets; sourceTree = "<group>"; };
		343A4FD2204D70CE00E33E81 /* Base */ = {isa = PBXFileReference; lastKnownFileType = file.storyboard; name = Base; path = Base.lproj/LaunchScreen.storyboard; sourceTree = "<group>"; };
		343A4FD4204D70CE00E33E81 /* Info.plist */ = {isa = PBXFileReference; lastKnownFileType = text.plist.xml; path = Info.plist; sourceTree = "<group>"; };
		343A4FDA204D70EF00E33E81 /* Locale.swift */ = {isa = PBXFileReference; fileEncoding = 4; lastKnownFileType = sourcecode.swift; path = Locale.swift; sourceTree = "<group>"; };
		343A4FDC204D710B00E33E81 /* pt-BR */ = {isa = PBXFileReference; lastKnownFileType = text.plist.strings; name = "pt-BR"; path = "pt-BR.lproj/LaunchScreen.strings"; sourceTree = "<group>"; };
		343A4FE2204D711F00E33E81 /* pt-BR */ = {isa = PBXFileReference; lastKnownFileType = text.plist.strings; name = "pt-BR"; path = "pt-BR.lproj/Locale.strings"; sourceTree = "<group>"; };
		3451C4592077F3A100CF6886 /* GregorianMonth.swift */ = {isa = PBXFileReference; lastKnownFileType = sourcecode.swift; path = GregorianMonth.swift; sourceTree = "<group>"; };
		3460D04D207B810400BBEDA3 /* GregorianMonthTests.swift */ = {isa = PBXFileReference; lastKnownFileType = sourcecode.swift; path = GregorianMonthTests.swift; sourceTree = "<group>"; };
		3460D051207B85D200BBEDA3 /* MonthPickerTests.swift */ = {isa = PBXFileReference; lastKnownFileType = sourcecode.swift; path = MonthPickerTests.swift; sourceTree = "<group>"; };
		346391D72076D146007CDBCE /* MonthSelectorBarButton.swift */ = {isa = PBXFileReference; lastKnownFileType = sourcecode.swift; path = MonthSelectorBarButton.swift; sourceTree = "<group>"; };
		346391D92076D759007CDBCE /* MonthPicker.swift */ = {isa = PBXFileReference; lastKnownFileType = sourcecode.swift; path = MonthPicker.swift; sourceTree = "<group>"; };
		3481B84B204DB5DA00E10C76 /* Base */ = {isa = PBXFileReference; lastKnownFileType = text.plist.strings; name = Base; path = Base.lproj/Locale.strings; sourceTree = "<group>"; };
		34AE621A205409CF00690E51 /* FBSnapshotTestCase.framework */ = {isa = PBXFileReference; lastKnownFileType = wrapper.framework; name = FBSnapshotTestCase.framework; path = Carthage/Build/iOS/FBSnapshotTestCase.framework; sourceTree = "<group>"; };
		34AE621E20541FAE00690E51 /* FoodViewCell.swift */ = {isa = PBXFileReference; lastKnownFileType = sourcecode.swift; path = FoodViewCell.swift; sourceTree = "<group>"; };
		34AE6220205471CF00690E51 /* FoodViewCellTests.swift */ = {isa = PBXFileReference; lastKnownFileType = sourcecode.swift; path = FoodViewCellTests.swift; sourceTree = "<group>"; };
		34B5DC45205553C0008BDBDB /* FoodViewModel.swift */ = {isa = PBXFileReference; lastKnownFileType = sourcecode.swift; path = FoodViewModel.swift; sourceTree = "<group>"; };
		34BC47AD20698A4A003506DB /* NavigationViewController.swift */ = {isa = PBXFileReference; lastKnownFileType = sourcecode.swift; path = NavigationViewController.swift; sourceTree = "<group>"; };
		34CA5015205ED6FD0095994A /* FoodListCollectionViewController.swift */ = {isa = PBXFileReference; lastKnownFileType = sourcecode.swift; path = FoodListCollectionViewController.swift; sourceTree = "<group>"; };
		34CA5018205ED8EE0095994A /* FoodListController.swift */ = {isa = PBXFileReference; lastKnownFileType = sourcecode.swift; path = FoodListController.swift; sourceTree = "<group>"; };
		34CA501A205ED94F0095994A /* FoodListViewModel.swift */ = {isa = PBXFileReference; lastKnownFileType = sourcecode.swift; path = FoodListViewModel.swift; sourceTree = "<group>"; };
		34CA501D205EDA7C0095994A /* ListFoodByMonthInteractorFactory.swift */ = {isa = PBXFileReference; lastKnownFileType = sourcecode.swift; path = ListFoodByMonthInteractorFactory.swift; sourceTree = "<group>"; };
		34CA501F205EDB690095994A /* ListFoodMemoryGatewayFactory.swift */ = {isa = PBXFileReference; lastKnownFileType = sourcecode.swift; path = ListFoodMemoryGatewayFactory.swift; sourceTree = "<group>"; };
		34CA5021205EDBA40095994A /* ListFoodViewPresenter.swift */ = {isa = PBXFileReference; lastKnownFileType = sourcecode.swift; path = ListFoodViewPresenter.swift; sourceTree = "<group>"; };
		34CA5023205EDBDE0095994A /* ListFoodViewPresenterFactory.swift */ = {isa = PBXFileReference; lastKnownFileType = sourcecode.swift; path = ListFoodViewPresenterFactory.swift; sourceTree = "<group>"; };
		34CA5025205F1F6C0095994A /* FoodListControllerFactory.swift */ = {isa = PBXFileReference; lastKnownFileType = sourcecode.swift; path = FoodListControllerFactory.swift; sourceTree = "<group>"; };
		34CA5027205F1FBA0095994A /* FoodListViewControllerFactory.swift */ = {isa = PBXFileReference; lastKnownFileType = sourcecode.swift; path = FoodListViewControllerFactory.swift; sourceTree = "<group>"; };
		34CA5029205F20550095994A /* FoodListBinder.swift */ = {isa = PBXFileReference; lastKnownFileType = sourcecode.swift; path = FoodListBinder.swift; sourceTree = "<group>"; };
		34EF9AAC2050B5BB00EB0337 /* SensazonalUnitTests.xctest */ = {isa = PBXFileReference; explicitFileType = wrapper.cfbundle; includeInIndex = 0; path = SensazonalUnitTests.xctest; sourceTree = BUILT_PRODUCTS_DIR; };
		34EF9AAE2050B5BB00EB0337 /* LocaleTests.swift */ = {isa = PBXFileReference; lastKnownFileType = sourcecode.swift; path = LocaleTests.swift; sourceTree = "<group>"; };
		34EF9AB02050B5BB00EB0337 /* Info.plist */ = {isa = PBXFileReference; lastKnownFileType = text.plist.xml; path = Info.plist; sourceTree = "<group>"; };
		34F1991B206E64B800DEF735 /* Gradient.swift */ = {isa = PBXFileReference; lastKnownFileType = sourcecode.swift; path = Gradient.swift; sourceTree = "<group>"; };
		34F19920206E66E500DEF735 /* FoodListControllerTests.swift */ = {isa = PBXFileReference; lastKnownFileType = sourcecode.swift; path = FoodListControllerTests.swift; sourceTree = "<group>"; };
		34F19922206E69D300DEF735 /* StubListFoodByMonthInteractor.swift */ = {isa = PBXFileReference; lastKnownFileType = sourcecode.swift; path = StubListFoodByMonthInteractor.swift; sourceTree = "<group>"; };
		34F19925206E6C3100DEF735 /* ListFoodMemoryGatewayTests.swift */ = {isa = PBXFileReference; lastKnownFileType = sourcecode.swift; path = ListFoodMemoryGatewayTests.swift; sourceTree = "<group>"; };
		34F19928206E6D1C00DEF735 /* ListFoodViewPresenterTests.swift */ = {isa = PBXFileReference; lastKnownFileType = sourcecode.swift; path = ListFoodViewPresenterTests.swift; sourceTree = "<group>"; };
		34F1992A206E6E1900DEF735 /* StubBinder.swift */ = {isa = PBXFileReference; lastKnownFileType = sourcecode.swift; path = StubBinder.swift; sourceTree = "<group>"; };
		34F1992D206E6EE400DEF735 /* FoodListCollectionViewControllerTests.swift */ = {isa = PBXFileReference; lastKnownFileType = sourcecode.swift; path = FoodListCollectionViewControllerTests.swift; sourceTree = "<group>"; };
		34F19930206E724D00DEF735 /* FoodListCollectionViewController.swift */ = {isa = PBXFileReference; lastKnownFileType = sourcecode.swift; path = FoodListCollectionViewController.swift; sourceTree = "<group>"; };
		34F19933206E738300DEF735 /* FoodViewModelTests.swift */ = {isa = PBXFileReference; lastKnownFileType = sourcecode.swift; path = FoodViewModelTests.swift; sourceTree = "<group>"; };
		34F19935206E762C00DEF735 /* FoodListViewModelTests.swift */ = {isa = PBXFileReference; lastKnownFileType = sourcecode.swift; path = FoodListViewModelTests.swift; sourceTree = "<group>"; };
		34F19938206E772F00DEF735 /* GradientTests.swift */ = {isa = PBXFileReference; lastKnownFileType = sourcecode.swift; path = GradientTests.swift; sourceTree = "<group>"; };
		34F1993B206E793700DEF735 /* NavigationViewControllerTests.swift */ = {isa = PBXFileReference; lastKnownFileType = sourcecode.swift; path = NavigationViewControllerTests.swift; sourceTree = "<group>"; };
		34F1993E206E7D4500DEF735 /* FoodListCollectionViewTests.swift */ = {isa = PBXFileReference; lastKnownFileType = sourcecode.swift; path = FoodListCollectionViewTests.swift; sourceTree = "<group>"; };
		34FC8F1A20616A8B00A07C66 /* FoodListCollectionView.swift */ = {isa = PBXFileReference; lastKnownFileType = sourcecode.swift; path = FoodListCollectionView.swift; sourceTree = "<group>"; };
/* End PBXFileReference section */

/* Begin PBXFrameworksBuildPhase section */
		343A4FC2204D70CE00E33E81 /* Frameworks */ = {
			isa = PBXFrameworksBuildPhase;
			buildActionMask = 2147483647;
			files = (
			);
			runOnlyForDeploymentPostprocessing = 0;
		};
		34EF9AA92050B5BB00EB0337 /* Frameworks */ = {
			isa = PBXFrameworksBuildPhase;
			buildActionMask = 2147483647;
			files = (
				34AE621D20540BF400690E51 /* FBSnapshotTestCase.framework in Frameworks */,
			);
			runOnlyForDeploymentPostprocessing = 0;
		};
/* End PBXFrameworksBuildPhase section */

/* Begin PBXGroup section */
		340D86512051D5130090F1FA /* Doubles */ = {
			isa = PBXGroup;
			children = (
				340D86522051D5270090F1FA /* ListFoodStubPresenter.swift */,
				340D86542051D78E0090F1FA /* ListFoodStubGateway.swift */,
				34F19922206E69D300DEF735 /* StubListFoodByMonthInteractor.swift */,
				34F1992A206E6E1900DEF735 /* StubBinder.swift */,
			);
			path = Doubles;
			sourceTree = "<group>";
		};
		34272CD62051CC6B00EABE98 /* Common */ = {
			isa = PBXGroup;
			children = (
				34F1991A206E64A800DEF735 /* Styles */,
				34275084206E5504001F871E /* Extra */,
				34F82D82206416EE002D7062 /* ViewControllers */,
				343352032062CD3C004549A0 /* Layout */,
				34272CDC2051CD4F00EABE98 /* Entities */,
				34EF9AB82050B6D100EB0337 /* Base */,
				34EF9AB62050B6B500EB0337 /* Locale */,
			);
			path = Common;
			sourceTree = "<group>";
		};
		34272CD72051CC7100EABE98 /* Common */ = {
			isa = PBXGroup;
			children = (
				3460D053207B87F400BBEDA3 /* Entities */,
				34F1993D206E7A9400DEF735 /* Doubles */,
				34F1993A206E792A00DEF735 /* ViewControllers */,
				34F19937206E772500DEF735 /* Styles */,
				34EF9ABA2050B72B00EB0337 /* Base */,
				34EF9AB92050B71D00EB0337 /* Locale */,
			);
			path = Common;
			sourceTree = "<group>";
		};
		34272CDC2051CD4F00EABE98 /* Entities */ = {
			isa = PBXGroup;
			children = (
				34272CF02051D36300EABE98 /* SensazonalError.swift */,
				34272CDD2051CD6E00EABE98 /* Food.swift */,
				34272CEE2051D07D00EABE98 /* Result.swift */,
				3451C4592077F3A100CF6886 /* GregorianMonth.swift */,
			);
			path = Entities;
			sourceTree = "<group>";
		};
		34272CE02051CDBA00EABE98 /* FoodList */ = {
			isa = PBXGroup;
			children = (
				34CA5017205ED8D40095994A /* Controllers */,
				34CA501C205EDA650095994A /* Factories */,
				34B5DC4920555FFD008BDBDB /* Gateways */,
				34B5DC4820555FF7008BDBDB /* Interactors */,
				34B5DC4720555FF0008BDBDB /* Presenters */,
				34CA5013205ED5C70095994A /* ViewControllers */,
				34B5DC4B20556014008BDBDB /* ViewModels */,
				34B5DC4A20556010008BDBDB /* Views */,
			);
			path = FoodList;
			sourceTree = "<group>";
		};
		34272CE32051CDF100EABE98 /* FoodList */ = {
			isa = PBXGroup;
			children = (
				34F1991D206E66CE00DEF735 /* Controllers */,
				340D86512051D5130090F1FA /* Doubles */,
				34F1992F206E724400DEF735 /* Extensions */,
				34F19924206E6C1D00DEF735 /* Gateways */,
				34B5DC4C20556020008BDBDB /* Interactors */,
				34F19927206E6D0C00DEF735 /* Presenters */,
				34F1992C206E6ED500DEF735 /* ViewControllers */,
				34F19932206E736800DEF735 /* ViewModels */,
				34B5DC4D20556024008BDBDB /* Views */,
			);
			path = FoodList;
			sourceTree = "<group>";
		};
		34275084206E5504001F871E /* Extra */ = {
			isa = PBXGroup;
			children = (
				34275085206E551A001F871E /* Logger.swift */,
			);
			path = Extra;
			sourceTree = "<group>";
		};
		343352032062CD3C004549A0 /* Layout */ = {
			isa = PBXGroup;
			children = (
				343352042062CD5D004549A0 /* Metric.swift */,
			);
			path = Layout;
			sourceTree = "<group>";
		};
		343A4FBC204D70CE00E33E81 = {
			isa = PBXGroup;
			children = (
				343A4FC7204D70CE00E33E81 /* Sensazonal */,
				34EF9AAD2050B5BB00EB0337 /* SensazonalUnitTests */,
				343A4FC6204D70CE00E33E81 /* Products */,
				34AE6219205409CF00690E51 /* Frameworks */,
			);
			sourceTree = "<group>";
		};
		343A4FC6204D70CE00E33E81 /* Products */ = {
			isa = PBXGroup;
			children = (
				343A4FC5204D70CE00E33E81 /* Sensazonal.app */,
				34EF9AAC2050B5BB00EB0337 /* SensazonalUnitTests.xctest */,
			);
			name = Products;
			sourceTree = "<group>";
		};
		343A4FC7204D70CE00E33E81 /* Sensazonal */ = {
			isa = PBXGroup;
			children = (
				34272CE02051CDBA00EABE98 /* FoodList */,
				34272CD62051CC6B00EABE98 /* Common */,
			);
			path = Sensazonal;
			sourceTree = "<group>";
		};
		3460D053207B87F400BBEDA3 /* Entities */ = {
			isa = PBXGroup;
			children = (
				3460D04D207B810400BBEDA3 /* GregorianMonthTests.swift */,
			);
			path = Entities;
			sourceTree = "<group>";
		};
		34AE6219205409CF00690E51 /* Frameworks */ = {
			isa = PBXGroup;
			children = (
				34AE621A205409CF00690E51 /* FBSnapshotTestCase.framework */,
			);
			name = Frameworks;
			sourceTree = "<group>";
		};
		34B5DC4720555FF0008BDBDB /* Presenters */ = {
			isa = PBXGroup;
			children = (
				34272CE82051CE9200EABE98 /* ListFoodPresenter.swift */,
				34CA5021205EDBA40095994A /* ListFoodViewPresenter.swift */,
			);
			path = Presenters;
			sourceTree = "<group>";
		};
		34B5DC4820555FF7008BDBDB /* Interactors */ = {
			isa = PBXGroup;
			children = (
				34272CE12051CDD800EABE98 /* ListFoodByMonthInteractor.swift */,
			);
			path = Interactors;
			sourceTree = "<group>";
		};
		34B5DC4920555FFD008BDBDB /* Gateways */ = {
			isa = PBXGroup;
			children = (
				34272CEA2051CF8200EABE98 /* ListFoodGateway.swift */,
				34272CEC2051D04100EABE98 /* ListFoodMemoryGateway.swift */,
			);
			path = Gateways;
			sourceTree = "<group>";
		};
		34B5DC4A20556010008BDBDB /* Views */ = {
			isa = PBXGroup;
			children = (
				34AE621E20541FAE00690E51 /* FoodViewCell.swift */,
				34FC8F1A20616A8B00A07C66 /* FoodListCollectionView.swift */,
				346391D72076D146007CDBCE /* MonthSelectorBarButton.swift */,
				346391D92076D759007CDBCE /* MonthPicker.swift */,
			);
			path = Views;
			sourceTree = "<group>";
		};
		34B5DC4B20556014008BDBDB /* ViewModels */ = {
			isa = PBXGroup;
			children = (
				34B5DC45205553C0008BDBDB /* FoodViewModel.swift */,
				34CA501A205ED94F0095994A /* FoodListViewModel.swift */,
				34CA5029205F20550095994A /* FoodListBinder.swift */,
			);
			path = ViewModels;
			sourceTree = "<group>";
		};
		34B5DC4C20556020008BDBDB /* Interactors */ = {
			isa = PBXGroup;
			children = (
				34272CE62051CE0B00EABE98 /* ListFoodByMonthInteractorTests.swift */,
			);
			path = Interactors;
			sourceTree = "<group>";
		};
		34B5DC4D20556024008BDBDB /* Views */ = {
			isa = PBXGroup;
			children = (
				34AE6220205471CF00690E51 /* FoodViewCellTests.swift */,
				34F1993E206E7D4500DEF735 /* FoodListCollectionViewTests.swift */,
				3460D051207B85D200BBEDA3 /* MonthPickerTests.swift */,
			);
			path = Views;
			sourceTree = "<group>";
		};
		34CA5013205ED5C70095994A /* ViewControllers */ = {
			isa = PBXGroup;
			children = (
				34CA5015205ED6FD0095994A /* FoodListCollectionViewController.swift */,
			);
			path = ViewControllers;
			sourceTree = "<group>";
		};
		34CA5017205ED8D40095994A /* Controllers */ = {
			isa = PBXGroup;
			children = (
				34CA5018205ED8EE0095994A /* FoodListController.swift */,
			);
			path = Controllers;
			sourceTree = "<group>";
		};
		34CA501C205EDA650095994A /* Factories */ = {
			isa = PBXGroup;
			children = (
				34CA501D205EDA7C0095994A /* ListFoodByMonthInteractorFactory.swift */,
				34CA501F205EDB690095994A /* ListFoodMemoryGatewayFactory.swift */,
				34CA5023205EDBDE0095994A /* ListFoodViewPresenterFactory.swift */,
				34CA5025205F1F6C0095994A /* FoodListControllerFactory.swift */,
				34CA5027205F1FBA0095994A /* FoodListViewControllerFactory.swift */,
			);
			path = Factories;
			sourceTree = "<group>";
		};
		34EF9AAD2050B5BB00EB0337 /* SensazonalUnitTests */ = {
			isa = PBXGroup;
			children = (
				34272CE32051CDF100EABE98 /* FoodList */,
				34272CD72051CC7100EABE98 /* Common */,
			);
			path = SensazonalUnitTests;
			sourceTree = "<group>";
		};
		34EF9AB62050B6B500EB0337 /* Locale */ = {
			isa = PBXGroup;
			children = (
				343A4FDA204D70EF00E33E81 /* Locale.swift */,
				343A4FE1204D711C00E33E81 /* Locale.strings */,
			);
			path = Locale;
			sourceTree = "<group>";
		};
		34EF9AB82050B6D100EB0337 /* Base */ = {
			isa = PBXGroup;
			children = (
				34272CDA2051CD3C00EABE98 /* DataSource.swift */,
				343A4FD4204D70CE00E33E81 /* Info.plist */,
				343A4FC8204D70CE00E33E81 /* AppDelegate.swift */,
				343A4FCF204D70CE00E33E81 /* Assets.xcassets */,
				343A4FD1204D70CE00E33E81 /* LaunchScreen.storyboard */,
			);
			path = Base;
			sourceTree = "<group>";
		};
		34EF9AB92050B71D00EB0337 /* Locale */ = {
			isa = PBXGroup;
			children = (
				34EF9AAE2050B5BB00EB0337 /* LocaleTests.swift */,
			);
			path = Locale;
			sourceTree = "<group>";
		};
		34EF9ABA2050B72B00EB0337 /* Base */ = {
			isa = PBXGroup;
			children = (
				34EF9AB02050B5BB00EB0337 /* Info.plist */,
			);
			path = Base;
			sourceTree = "<group>";
		};
		34F1991A206E64A800DEF735 /* Styles */ = {
			isa = PBXGroup;
			children = (
				34F1991B206E64B800DEF735 /* Gradient.swift */,
			);
			path = Styles;
			sourceTree = "<group>";
		};
		34F1991D206E66CE00DEF735 /* Controllers */ = {
			isa = PBXGroup;
			children = (
				34F19920206E66E500DEF735 /* FoodListControllerTests.swift */,
			);
			path = Controllers;
			sourceTree = "<group>";
		};
		34F19924206E6C1D00DEF735 /* Gateways */ = {
			isa = PBXGroup;
			children = (
				34F19925206E6C3100DEF735 /* ListFoodMemoryGatewayTests.swift */,
			);
			path = Gateways;
			sourceTree = "<group>";
		};
		34F19927206E6D0C00DEF735 /* Presenters */ = {
			isa = PBXGroup;
			children = (
				34F19928206E6D1C00DEF735 /* ListFoodViewPresenterTests.swift */,
			);
			path = Presenters;
			sourceTree = "<group>";
		};
		34F1992C206E6ED500DEF735 /* ViewControllers */ = {
			isa = PBXGroup;
			children = (
				34F1992D206E6EE400DEF735 /* FoodListCollectionViewControllerTests.swift */,
			);
			path = ViewControllers;
			sourceTree = "<group>";
		};
		34F1992F206E724400DEF735 /* Extensions */ = {
			isa = PBXGroup;
			children = (
				34F19930206E724D00DEF735 /* FoodListCollectionViewController.swift */,
			);
			path = Extensions;
			sourceTree = "<group>";
		};
		34F19932206E736800DEF735 /* ViewModels */ = {
			isa = PBXGroup;
			children = (
				34F19933206E738300DEF735 /* FoodViewModelTests.swift */,
				34F19935206E762C00DEF735 /* FoodListViewModelTests.swift */,
			);
			path = ViewModels;
			sourceTree = "<group>";
		};
		34F19937206E772500DEF735 /* Styles */ = {
			isa = PBXGroup;
			children = (
				34F19938206E772F00DEF735 /* GradientTests.swift */,
			);
			path = Styles;
			sourceTree = "<group>";
		};
		34F1993A206E792A00DEF735 /* ViewControllers */ = {
			isa = PBXGroup;
			children = (
				34F1993B206E793700DEF735 /* NavigationViewControllerTests.swift */,
			);
			path = ViewControllers;
			sourceTree = "<group>";
		};
		34F1993D206E7A9400DEF735 /* Doubles */ = {
			isa = PBXGroup;
			children = (
				3427508A206E61F4001F871E /* StubLogger.swift */,
			);
			path = Doubles;
			sourceTree = "<group>";
		};
		34F82D82206416EE002D7062 /* ViewControllers */ = {
			isa = PBXGroup;
			children = (
				34BC47AD20698A4A003506DB /* NavigationViewController.swift */,
			);
			path = ViewControllers;
			sourceTree = "<group>";
		};
/* End PBXGroup section */

/* Begin PBXNativeTarget section */
		343A4FC4204D70CE00E33E81 /* Sensazonal */ = {
			isa = PBXNativeTarget;
			buildConfigurationList = 343A4FD7204D70CE00E33E81 /* Build configuration list for PBXNativeTarget "Sensazonal" */;
			buildPhases = (
				343A4FC1204D70CE00E33E81 /* Sources */,
				343A4FC2204D70CE00E33E81 /* Frameworks */,
				343A4FC3204D70CE00E33E81 /* Resources */,
				34EF9ABB2050B79200EB0337 /* SwiftLint */,
				34AE621C205409E000690E51 /* Carthage - Copy Frameworks */,
			);
			buildRules = (
			);
			dependencies = (
			);
			name = Sensazonal;
			productName = Sensazonal;
			productReference = 343A4FC5204D70CE00E33E81 /* Sensazonal.app */;
			productType = "com.apple.product-type.application";
		};
		34EF9AAB2050B5BB00EB0337 /* SensazonalUnitTests */ = {
			isa = PBXNativeTarget;
			buildConfigurationList = 34EF9AB52050B5BB00EB0337 /* Build configuration list for PBXNativeTarget "SensazonalUnitTests" */;
			buildPhases = (
				34EF9AA82050B5BB00EB0337 /* Sources */,
				34EF9AA92050B5BB00EB0337 /* Frameworks */,
				34EF9AAA2050B5BB00EB0337 /* Resources */,
			);
			buildRules = (
			);
			dependencies = (
				34EF9AB22050B5BB00EB0337 /* PBXTargetDependency */,
			);
			name = SensazonalUnitTests;
			productName = SensazonalUnitTests;
			productReference = 34EF9AAC2050B5BB00EB0337 /* SensazonalUnitTests.xctest */;
			productType = "com.apple.product-type.bundle.unit-test";
		};
/* End PBXNativeTarget section */

/* Begin PBXProject section */
		343A4FBD204D70CE00E33E81 /* Project object */ = {
			isa = PBXProject;
			attributes = {
				LastSwiftUpdateCheck = 0920;
				LastUpgradeCheck = 0930;
				ORGANIZATIONNAME = "Ronan Rodrigo Nunes";
				TargetAttributes = {
					343A4FC4204D70CE00E33E81 = {
						CreatedOnToolsVersion = 9.2;
						ProvisioningStyle = Automatic;
					};
					34EF9AAB2050B5BB00EB0337 = {
						CreatedOnToolsVersion = 9.2;
						ProvisioningStyle = Automatic;
						TestTargetID = 343A4FC4204D70CE00E33E81;
					};
				};
			};
			buildConfigurationList = 343A4FC0204D70CE00E33E81 /* Build configuration list for PBXProject "Sensazonal" */;
			compatibilityVersion = "Xcode 9.3";
			developmentRegion = en;
			hasScannedForEncodings = 0;
			knownRegions = (
				en,
				Base,
				"pt-BR",
			);
			mainGroup = 343A4FBC204D70CE00E33E81;
			productRefGroup = 343A4FC6204D70CE00E33E81 /* Products */;
			projectDirPath = "";
			projectRoot = "";
			targets = (
				343A4FC4204D70CE00E33E81 /* Sensazonal */,
				34EF9AAB2050B5BB00EB0337 /* SensazonalUnitTests */,
			);
		};
/* End PBXProject section */

/* Begin PBXResourcesBuildPhase section */
		343A4FC3204D70CE00E33E81 /* Resources */ = {
			isa = PBXResourcesBuildPhase;
			buildActionMask = 2147483647;
			files = (
				343A4FD3204D70CE00E33E81 /* LaunchScreen.storyboard in Resources */,
				343A4FD0204D70CE00E33E81 /* Assets.xcassets in Resources */,
				343A4FDF204D711C00E33E81 /* Locale.strings in Resources */,
			);
			runOnlyForDeploymentPostprocessing = 0;
		};
		34EF9AAA2050B5BB00EB0337 /* Resources */ = {
			isa = PBXResourcesBuildPhase;
			buildActionMask = 2147483647;
			files = (
			);
			runOnlyForDeploymentPostprocessing = 0;
		};
/* End PBXResourcesBuildPhase section */

/* Begin PBXShellScriptBuildPhase section */
		34AE621C205409E000690E51 /* Carthage - Copy Frameworks */ = {
			isa = PBXShellScriptBuildPhase;
			buildActionMask = 2147483647;
			files = (
			);
			inputPaths = (
				"$(SRCROOT)/Carthage/Build/iOS/FBSnapshotTestCase.framework",
			);
			name = "Carthage - Copy Frameworks";
			outputPaths = (
				"$(BUILT_PRODUCTS_DIR)/$(FRAMEWORKS_FOLDER_PATH)/FBSnapshotTestCase.framework",
			);
			runOnlyForDeploymentPostprocessing = 0;
			shellPath = /bin/sh;
			shellScript = "/usr/local/bin/carthage copy-frameworks";
		};
		34EF9ABB2050B79200EB0337 /* SwiftLint */ = {
			isa = PBXShellScriptBuildPhase;
			buildActionMask = 2147483647;
			files = (
			);
			inputPaths = (
			);
			name = SwiftLint;
			outputPaths = (
			);
			runOnlyForDeploymentPostprocessing = 0;
			shellPath = /bin/sh;
			shellScript = "if which swiftlint >/dev/null; then\n    swiftlint\nelse\n    echo \"warning: SwiftLint not installed, download from https://github.com/realm/SwiftLint\"\nfi";
		};
/* End PBXShellScriptBuildPhase section */

/* Begin PBXSourcesBuildPhase section */
		343A4FC1204D70CE00E33E81 /* Sources */ = {
			isa = PBXSourcesBuildPhase;
			buildActionMask = 2147483647;
			files = (
				34AE621F20541FAE00690E51 /* FoodViewCell.swift in Sources */,
				34CA5020205EDB690095994A /* ListFoodMemoryGatewayFactory.swift in Sources */,
				34275086206E551A001F871E /* Logger.swift in Sources */,
				34CA5019205ED8EE0095994A /* FoodListController.swift in Sources */,
				34BC47AE20698A4A003506DB /* NavigationViewController.swift in Sources */,
				34CA5022205EDBA40095994A /* ListFoodViewPresenter.swift in Sources */,
				34CA501B205ED94F0095994A /* FoodListViewModel.swift in Sources */,
				346391D82076D146007CDBCE /* MonthSelectorBarButton.swift in Sources */,
				3451C45A2077F3A100CF6886 /* GregorianMonth.swift in Sources */,
				34272CEF2051D07D00EABE98 /* Result.swift in Sources */,
				34B5DC46205553C0008BDBDB /* FoodViewModel.swift in Sources */,
				343352052062CD5D004549A0 /* Metric.swift in Sources */,
				34272CE92051CE9200EABE98 /* ListFoodPresenter.swift in Sources */,
				34272CF12051D36300EABE98 /* SensazonalError.swift in Sources */,
				34CA502A205F20550095994A /* FoodListBinder.swift in Sources */,
				34272CE22051CDD800EABE98 /* ListFoodByMonthInteractor.swift in Sources */,
				34CA5026205F1F6C0095994A /* FoodListControllerFactory.swift in Sources */,
				34272CDB2051CD3C00EABE98 /* DataSource.swift in Sources */,
				346391DA2076D759007CDBCE /* MonthPicker.swift in Sources */,
				34CA501E205EDA7C0095994A /* ListFoodByMonthInteractorFactory.swift in Sources */,
				34CA5016205ED6FD0095994A /* FoodListCollectionViewController.swift in Sources */,
				34272CDE2051CD6E00EABE98 /* Food.swift in Sources */,
				34CA5024205EDBDE0095994A /* ListFoodViewPresenterFactory.swift in Sources */,
				34FC8F1B20616A8B00A07C66 /* FoodListCollectionView.swift in Sources */,
				34272CEB2051CF8200EABE98 /* ListFoodGateway.swift in Sources */,
				34272CED2051D04100EABE98 /* ListFoodMemoryGateway.swift in Sources */,
				343A4FC9204D70CE00E33E81 /* AppDelegate.swift in Sources */,
				34CA5028205F1FBA0095994A /* FoodListViewControllerFactory.swift in Sources */,
				343A4FDB204D70EF00E33E81 /* Locale.swift in Sources */,
				34F1991C206E64B800DEF735 /* Gradient.swift in Sources */,
			);
			runOnlyForDeploymentPostprocessing = 0;
		};
		34EF9AA82050B5BB00EB0337 /* Sources */ = {
			isa = PBXSourcesBuildPhase;
			buildActionMask = 2147483647;
			files = (
				3460D052207B85D200BBEDA3 /* MonthPickerTests.swift in Sources */,
				34F1993C206E793700DEF735 /* NavigationViewControllerTests.swift in Sources */,
				34F1992E206E6EE400DEF735 /* FoodListCollectionViewControllerTests.swift in Sources */,
				34F19936206E762C00DEF735 /* FoodListViewModelTests.swift in Sources */,
				34F19929206E6D1C00DEF735 /* ListFoodViewPresenterTests.swift in Sources */,
				340D86552051D78E0090F1FA /* ListFoodStubGateway.swift in Sources */,
				340D86532051D5270090F1FA /* ListFoodStubPresenter.swift in Sources */,
				34F19934206E738300DEF735 /* FoodViewModelTests.swift in Sources */,
				34272CE72051CE0B00EABE98 /* ListFoodByMonthInteractorTests.swift in Sources */,
				34F1992B206E6E1900DEF735 /* StubBinder.swift in Sources */,
				34F19921206E66E500DEF735 /* FoodListControllerTests.swift in Sources */,
				3460D050207B814200BBEDA3 /* GregorianMonthTests.swift in Sources */,
				34F19931206E724D00DEF735 /* FoodListCollectionViewController.swift in Sources */,
				34F19923206E69D300DEF735 /* StubListFoodByMonthInteractor.swift in Sources */,
				34F1993F206E7D4500DEF735 /* FoodListCollectionViewTests.swift in Sources */,
				34EF9AAF2050B5BB00EB0337 /* LocaleTests.swift in Sources */,
				34F19926206E6C3100DEF735 /* ListFoodMemoryGatewayTests.swift in Sources */,
				34AE6221205471CF00690E51 /* FoodViewCellTests.swift in Sources */,
				3427508B206E61F4001F871E /* StubLogger.swift in Sources */,
				34F19939206E772F00DEF735 /* GradientTests.swift in Sources */,
			);
			runOnlyForDeploymentPostprocessing = 0;
		};
/* End PBXSourcesBuildPhase section */

/* Begin PBXTargetDependency section */
		34EF9AB22050B5BB00EB0337 /* PBXTargetDependency */ = {
			isa = PBXTargetDependency;
			target = 343A4FC4204D70CE00E33E81 /* Sensazonal */;
			targetProxy = 34EF9AB12050B5BB00EB0337 /* PBXContainerItemProxy */;
		};
/* End PBXTargetDependency section */

/* Begin PBXVariantGroup section */
		343A4FD1204D70CE00E33E81 /* LaunchScreen.storyboard */ = {
			isa = PBXVariantGroup;
			children = (
				343A4FD2204D70CE00E33E81 /* Base */,
				343A4FDC204D710B00E33E81 /* pt-BR */,
			);
			name = LaunchScreen.storyboard;
			sourceTree = "<group>";
		};
		343A4FE1204D711C00E33E81 /* Locale.strings */ = {
			isa = PBXVariantGroup;
			children = (
				343A4FE2204D711F00E33E81 /* pt-BR */,
				3481B84B204DB5DA00E10C76 /* Base */,
			);
			name = Locale.strings;
			sourceTree = "<group>";
		};
/* End PBXVariantGroup section */

/* Begin XCBuildConfiguration section */
		343A4FD5204D70CE00E33E81 /* Debug */ = {
			isa = XCBuildConfiguration;
			buildSettings = {
				ALWAYS_SEARCH_USER_PATHS = NO;
				CLANG_ANALYZER_LOCALIZABILITY_NONLOCALIZED = YES;
				CLANG_ANALYZER_NONNULL = YES;
				CLANG_ANALYZER_NUMBER_OBJECT_CONVERSION = YES_AGGRESSIVE;
				CLANG_CXX_LANGUAGE_STANDARD = "gnu++14";
				CLANG_CXX_LIBRARY = "libc++";
				CLANG_ENABLE_MODULES = YES;
				CLANG_ENABLE_OBJC_ARC = YES;
				CLANG_WARN_BLOCK_CAPTURE_AUTORELEASING = YES;
				CLANG_WARN_BOOL_CONVERSION = YES;
				CLANG_WARN_COMMA = YES;
				CLANG_WARN_CONSTANT_CONVERSION = YES;
				CLANG_WARN_DEPRECATED_OBJC_IMPLEMENTATIONS = YES;
				CLANG_WARN_DIRECT_OBJC_ISA_USAGE = YES_ERROR;
				CLANG_WARN_DOCUMENTATION_COMMENTS = YES;
				CLANG_WARN_EMPTY_BODY = YES;
				CLANG_WARN_ENUM_CONVERSION = YES;
				CLANG_WARN_INFINITE_RECURSION = YES;
				CLANG_WARN_INT_CONVERSION = YES;
				CLANG_WARN_NON_LITERAL_NULL_CONVERSION = YES;
				CLANG_WARN_OBJC_IMPLICIT_RETAIN_SELF = YES;
				CLANG_WARN_OBJC_LITERAL_CONVERSION = YES;
				CLANG_WARN_OBJC_ROOT_CLASS = YES_ERROR;
				CLANG_WARN_RANGE_LOOP_ANALYSIS = YES;
				CLANG_WARN_STRICT_PROTOTYPES = YES;
				CLANG_WARN_SUSPICIOUS_MOVE = YES;
				CLANG_WARN_UNGUARDED_AVAILABILITY = YES_AGGRESSIVE;
				CLANG_WARN_UNREACHABLE_CODE = YES;
				CLANG_WARN__DUPLICATE_METHOD_MATCH = YES;
				CODE_SIGN_IDENTITY = "iPhone Developer";
				COPY_PHASE_STRIP = NO;
				DEBUG_INFORMATION_FORMAT = dwarf;
				ENABLE_STRICT_OBJC_MSGSEND = YES;
				ENABLE_TESTABILITY = YES;
				GCC_C_LANGUAGE_STANDARD = gnu11;
				GCC_DYNAMIC_NO_PIC = NO;
				GCC_NO_COMMON_BLOCKS = YES;
				GCC_OPTIMIZATION_LEVEL = 0;
				GCC_PREPROCESSOR_DEFINITIONS = (
					"DEBUG=1",
					"$(inherited)",
				);
				GCC_WARN_64_TO_32_BIT_CONVERSION = YES;
				GCC_WARN_ABOUT_RETURN_TYPE = YES_ERROR;
				GCC_WARN_UNDECLARED_SELECTOR = YES;
				GCC_WARN_UNINITIALIZED_AUTOS = YES_AGGRESSIVE;
				GCC_WARN_UNUSED_FUNCTION = YES;
				GCC_WARN_UNUSED_VARIABLE = YES;
				IPHONEOS_DEPLOYMENT_TARGET = 10.0;
				MTL_ENABLE_DEBUG_INFO = YES;
				ONLY_ACTIVE_ARCH = YES;
				SDKROOT = iphoneos;
				SWIFT_ACTIVE_COMPILATION_CONDITIONS = DEBUG;
				SWIFT_COMPILATION_MODE = singlefile;
				SWIFT_OPTIMIZATION_LEVEL = "-Onone";
			};
			name = Debug;
		};
		343A4FD6204D70CE00E33E81 /* Release */ = {
			isa = XCBuildConfiguration;
			buildSettings = {
				ALWAYS_SEARCH_USER_PATHS = NO;
				CLANG_ANALYZER_LOCALIZABILITY_NONLOCALIZED = YES;
				CLANG_ANALYZER_NONNULL = YES;
				CLANG_ANALYZER_NUMBER_OBJECT_CONVERSION = YES_AGGRESSIVE;
				CLANG_CXX_LANGUAGE_STANDARD = "gnu++14";
				CLANG_CXX_LIBRARY = "libc++";
				CLANG_ENABLE_MODULES = YES;
				CLANG_ENABLE_OBJC_ARC = YES;
				CLANG_WARN_BLOCK_CAPTURE_AUTORELEASING = YES;
				CLANG_WARN_BOOL_CONVERSION = YES;
				CLANG_WARN_COMMA = YES;
				CLANG_WARN_CONSTANT_CONVERSION = YES;
				CLANG_WARN_DEPRECATED_OBJC_IMPLEMENTATIONS = YES;
				CLANG_WARN_DIRECT_OBJC_ISA_USAGE = YES_ERROR;
				CLANG_WARN_DOCUMENTATION_COMMENTS = YES;
				CLANG_WARN_EMPTY_BODY = YES;
				CLANG_WARN_ENUM_CONVERSION = YES;
				CLANG_WARN_INFINITE_RECURSION = YES;
				CLANG_WARN_INT_CONVERSION = YES;
				CLANG_WARN_NON_LITERAL_NULL_CONVERSION = YES;
				CLANG_WARN_OBJC_IMPLICIT_RETAIN_SELF = YES;
				CLANG_WARN_OBJC_LITERAL_CONVERSION = YES;
				CLANG_WARN_OBJC_ROOT_CLASS = YES_ERROR;
				CLANG_WARN_RANGE_LOOP_ANALYSIS = YES;
				CLANG_WARN_STRICT_PROTOTYPES = YES;
				CLANG_WARN_SUSPICIOUS_MOVE = YES;
				CLANG_WARN_UNGUARDED_AVAILABILITY = YES_AGGRESSIVE;
				CLANG_WARN_UNREACHABLE_CODE = YES;
				CLANG_WARN__DUPLICATE_METHOD_MATCH = YES;
				CODE_SIGN_IDENTITY = "iPhone Developer";
				COPY_PHASE_STRIP = NO;
				DEBUG_INFORMATION_FORMAT = "dwarf-with-dsym";
				ENABLE_NS_ASSERTIONS = NO;
				ENABLE_STRICT_OBJC_MSGSEND = YES;
				GCC_C_LANGUAGE_STANDARD = gnu11;
				GCC_NO_COMMON_BLOCKS = YES;
				GCC_WARN_64_TO_32_BIT_CONVERSION = YES;
				GCC_WARN_ABOUT_RETURN_TYPE = YES_ERROR;
				GCC_WARN_UNDECLARED_SELECTOR = YES;
				GCC_WARN_UNINITIALIZED_AUTOS = YES_AGGRESSIVE;
				GCC_WARN_UNUSED_FUNCTION = YES;
				GCC_WARN_UNUSED_VARIABLE = YES;
				IPHONEOS_DEPLOYMENT_TARGET = 10.0;
				MTL_ENABLE_DEBUG_INFO = NO;
				SDKROOT = iphoneos;
				SWIFT_COMPILATION_MODE = wholemodule;
				SWIFT_OPTIMIZATION_LEVEL = "-O";
				VALIDATE_PRODUCT = YES;
			};
			name = Release;
		};
		343A4FD8204D70CE00E33E81 /* Debug */ = {
			isa = XCBuildConfiguration;
			buildSettings = {
				ASSETCATALOG_COMPILER_APPICON_NAME = AppIcon;
				"CODE_SIGN_IDENTITY[sdk=iphoneos*]" = "iPhone Developer";
				CODE_SIGN_STYLE = Automatic;
				DEVELOPMENT_TEAM = 8UEA2ZVXH6;
				FRAMEWORK_SEARCH_PATHS = (
					"$(inherited)",
					"$(PROJECT_DIR)/Carthage/Build/iOS",
				);
				INFOPLIST_FILE = "$(SRCROOT)/Sensazonal/Common/Base/Info.plist";
				IPHONEOS_DEPLOYMENT_TARGET = 11.0;
				LD_RUNPATH_SEARCH_PATHS = (
					"$(inherited)",
					"@executable_path/Frameworks",
				);
				PRODUCT_BUNDLE_IDENTIFIER = com.ronanrodrigo.nubank.sensazonal;
				PRODUCT_NAME = "$(TARGET_NAME)";
				PROVISIONING_PROFILE_SPECIFIER = "";
				SWIFT_VERSION = 4.0;
				TARGETED_DEVICE_FAMILY = "1,2";
			};
			name = Debug;
		};
		343A4FD9204D70CE00E33E81 /* Release */ = {
			isa = XCBuildConfiguration;
			buildSettings = {
				ASSETCATALOG_COMPILER_APPICON_NAME = AppIcon;
				"CODE_SIGN_IDENTITY[sdk=iphoneos*]" = "iPhone Developer";
				CODE_SIGN_STYLE = Automatic;
				DEVELOPMENT_TEAM = 8UEA2ZVXH6;
				FRAMEWORK_SEARCH_PATHS = (
					"$(inherited)",
					"$(PROJECT_DIR)/Carthage/Build/iOS",
				);
				INFOPLIST_FILE = "$(SRCROOT)/Sensazonal/Common/Base/Info.plist";
				IPHONEOS_DEPLOYMENT_TARGET = 11.0;
				LD_RUNPATH_SEARCH_PATHS = (
					"$(inherited)",
					"@executable_path/Frameworks",
				);
				PRODUCT_BUNDLE_IDENTIFIER = com.ronanrodrigo.nubank.sensazonal;
				PRODUCT_NAME = "$(TARGET_NAME)";
				PROVISIONING_PROFILE_SPECIFIER = "";
				SWIFT_VERSION = 4.0;
				TARGETED_DEVICE_FAMILY = "1,2";
			};
			name = Release;
		};
		34EF9AB32050B5BB00EB0337 /* Debug */ = {
			isa = XCBuildConfiguration;
			buildSettings = {
				BUNDLE_LOADER = "$(TEST_HOST)";
				CODE_SIGN_STYLE = Automatic;
				FRAMEWORK_SEARCH_PATHS = (
					"$(inherited)",
					"$(PROJECT_DIR)/Carthage/Build/iOS",
				);
				INFOPLIST_FILE = SensazonalUnitTests/Common/Base/Info.plist;
				IPHONEOS_DEPLOYMENT_TARGET = 11.0;
				LD_RUNPATH_SEARCH_PATHS = (
					"$(inherited)",
					"@executable_path/Frameworks",
					"@loader_path/Frameworks",
				);
				PRODUCT_BUNDLE_IDENTIFIER = com.ronanrodrigo.SensazonalUnitTests;
				PRODUCT_NAME = "$(TARGET_NAME)";
				SWIFT_VERSION = 4.0;
				TARGETED_DEVICE_FAMILY = "1,2";
				TEST_HOST = "$(BUILT_PRODUCTS_DIR)/Sensazonal.app/Sensazonal";
			};
			name = Debug;
		};
		34EF9AB42050B5BB00EB0337 /* Release */ = {
			isa = XCBuildConfiguration;
			buildSettings = {
				BUNDLE_LOADER = "$(TEST_HOST)";
				CODE_SIGN_STYLE = Automatic;
				FRAMEWORK_SEARCH_PATHS = (
					"$(inherited)",
					"$(PROJECT_DIR)/Carthage/Build/iOS",
				);
				INFOPLIST_FILE = SensazonalUnitTests/Common/Base/Info.plist;
				IPHONEOS_DEPLOYMENT_TARGET = 11.0;
				LD_RUNPATH_SEARCH_PATHS = (
					"$(inherited)",
					"@executable_path/Frameworks",
					"@loader_path/Frameworks",
				);
				PRODUCT_BUNDLE_IDENTIFIER = com.ronanrodrigo.SensazonalUnitTests;
				PRODUCT_NAME = "$(TARGET_NAME)";
				SWIFT_VERSION = 4.0;
				TARGETED_DEVICE_FAMILY = "1,2";
				TEST_HOST = "$(BUILT_PRODUCTS_DIR)/Sensazonal.app/Sensazonal";
			};
			name = Release;
		};
/* End XCBuildConfiguration section */

/* Begin XCConfigurationList section */
		343A4FC0204D70CE00E33E81 /* Build configuration list for PBXProject "Sensazonal" */ = {
			isa = XCConfigurationList;
			buildConfigurations = (
				343A4FD5204D70CE00E33E81 /* Debug */,
				343A4FD6204D70CE00E33E81 /* Release */,
			);
			defaultConfigurationIsVisible = 0;
			defaultConfigurationName = Release;
		};
		343A4FD7204D70CE00E33E81 /* Build configuration list for PBXNativeTarget "Sensazonal" */ = {
			isa = XCConfigurationList;
			buildConfigurations = (
				343A4FD8204D70CE00E33E81 /* Debug */,
				343A4FD9204D70CE00E33E81 /* Release */,
			);
			defaultConfigurationIsVisible = 0;
			defaultConfigurationName = Release;
		};
		34EF9AB52050B5BB00EB0337 /* Build configuration list for PBXNativeTarget "SensazonalUnitTests" */ = {
			isa = XCConfigurationList;
			buildConfigurations = (
				34EF9AB32050B5BB00EB0337 /* Debug */,
				34EF9AB42050B5BB00EB0337 /* Release */,
			);
			defaultConfigurationIsVisible = 0;
			defaultConfigurationName = Release;
		};
/* End XCConfigurationList section */
	};
	rootObject = 343A4FBD204D70CE00E33E81 /* Project object */;
}
